
Microsoft Visual Studio Solution File, Format Version 12.00
# Visual Studio 15
VisualStudioVersion = 15.0.28307.1062
MinimumVisualStudioVersion = 10.0.40219.1
Project("{159641D6-6404-4A2A-AE62-294DE0FE8301}") = "ISP_Srividya", "ISP_Srividya\ISP_Srividya.dtproj", "{1B20B933-04DC-48F5-B312-4A22562FCDE3}"
EndProject
Global
	GlobalSection(SolutionConfigurationPlatforms) = preSolution
		Development|Default = Development|Default
	EndGlobalSection
	GlobalSection(ProjectConfigurationPlatforms) = postSolution
		{1B20B933-04DC-48F5-B312-4A22562FCDE3}.Development|Default.ActiveCfg = Development
		{1B20B933-04DC-48F5-B312-4A22562FCDE3}.Development|Default.Build.0 = Development
	EndGlobalSection
	GlobalSection(SolutionProperties) = preSolution
		HideSolutionNode = FALSE
	EndGlobalSection
	GlobalSection(ExtensibilityGlobals) = postSolution
		SolutionGuid = {BE02D0AD-63C2-4762-8609-32C8C2C0470D}
	EndGlobalSection
EndGlobal
