
Microsoft Visual Studio Solution File, Format Version 12.00
# Visual Studio 15
VisualStudioVersion = 15.0.28307.1062
MinimumVisualStudioVersion = 10.0.40219.1
Project("{D2ABAB84-BF74-430A-B69E-9DC6D40DDA17}") = "MultidimensionalProject_Srividya", "MultidimensionalProject_Srividya\MultidimensionalProject_Srividya.dwproj", "{C6C01FB2-AD62-4BB1-BC6C-F58038708FF1}"
EndProject
Global
	GlobalSection(SolutionConfigurationPlatforms) = preSolution
		Development|Default = Development|Default
	EndGlobalSection
	GlobalSection(ProjectConfigurationPlatforms) = postSolution
		{C6C01FB2-AD62-4BB1-BC6C-F58038708FF1}.Development|Default.ActiveCfg = Development
		{C6C01FB2-AD62-4BB1-BC6C-F58038708FF1}.Development|Default.Build.0 = Development
		{C6C01FB2-AD62-4BB1-BC6C-F58038708FF1}.Development|Default.Deploy.0 = Development
	EndGlobalSection
	GlobalSection(SolutionProperties) = preSolution
		HideSolutionNode = FALSE
	EndGlobalSection
	GlobalSection(ExtensibilityGlobals) = postSolution
		SolutionGuid = {1332F15B-723D-44AF-9FA2-F3B2815330E5}
	EndGlobalSection
EndGlobal
